
Microsoft Visual Studio Solution File, Format Version 12.00
# Visual Studio Version 16
VisualStudioVersion = 16.0.32126.315
MinimumVisualStudioVersion = 10.0.40219.1
Project("{FAE04EC0-301F-11D3-BF4B-00C04F79EFBC}") = "TravelBus", "TravelBus.csproj", "{17DC074F-6FF7-4BEF-96A1-46D61DAFBF2B}"
EndProject
Project("{9A19103F-16F7-4668-BE54-9A1E7A4F7556}") = "BusinessLayer", "..\BusinessLayer\BusinessLayer.csproj", "{AA1B6612-4A99-4A32-A3A4-1B3C0620C3AE}"
EndProject
Project("{9A19103F-16F7-4668-BE54-9A1E7A4F7556}") = "CoreLayer", "..\CoreLayer\CoreLayer.csproj", "{BA663AF5-A5C2-4818-8478-F8FD50088F61}"
EndProject
Project("{9A19103F-16F7-4668-BE54-9A1E7A4F7556}") = "DataAccessLayer", "..\DataAccessLayer\DataAccessLayer.csproj", "{58596C61-1529-4B79-AC26-3E17D2D10AB3}"
EndProject
Project("{9A19103F-16F7-4668-BE54-9A1E7A4F7556}") = "EntityLayer", "..\EntityLayer\EntityLayer.csproj", "{F6E29EA8-0CBD-459B-A632-A0BE42B5E8A3}"
EndProject
Global
	GlobalSection(SolutionConfigurationPlatforms) = preSolution
		Debug|Any CPU = Debug|Any CPU
		Release|Any CPU = Release|Any CPU
	EndGlobalSection
	GlobalSection(ProjectConfigurationPlatforms) = postSolution
		{17DC074F-6FF7-4BEF-96A1-46D61DAFBF2B}.Debug|Any CPU.ActiveCfg = Debug|Any CPU
		{17DC074F-6FF7-4BEF-96A1-46D61DAFBF2B}.Debug|Any CPU.Build.0 = Debug|Any CPU
		{17DC074F-6FF7-4BEF-96A1-46D61DAFBF2B}.Release|Any CPU.ActiveCfg = Release|Any CPU
		{17DC074F-6FF7-4BEF-96A1-46D61DAFBF2B}.Release|Any CPU.Build.0 = Release|Any CPU
		{AA1B6612-4A99-4A32-A3A4-1B3C0620C3AE}.Debug|Any CPU.ActiveCfg = Debug|Any CPU
		{AA1B6612-4A99-4A32-A3A4-1B3C0620C3AE}.Debug|Any CPU.Build.0 = Debug|Any CPU
		{AA1B6612-4A99-4A32-A3A4-1B3C0620C3AE}.Release|Any CPU.ActiveCfg = Release|Any CPU
		{AA1B6612-4A99-4A32-A3A4-1B3C0620C3AE}.Release|Any CPU.Build.0 = Release|Any CPU
		{BA663AF5-A5C2-4818-8478-F8FD50088F61}.Debug|Any CPU.ActiveCfg = Debug|Any CPU
		{BA663AF5-A5C2-4818-8478-F8FD50088F61}.Debug|Any CPU.Build.0 = Debug|Any CPU
		{BA663AF5-A5C2-4818-8478-F8FD50088F61}.Release|Any CPU.ActiveCfg = Release|Any CPU
		{BA663AF5-A5C2-4818-8478-F8FD50088F61}.Release|Any CPU.Build.0 = Release|Any CPU
		{58596C61-1529-4B79-AC26-3E17D2D10AB3}.Debug|Any CPU.ActiveCfg = Debug|Any CPU
		{58596C61-1529-4B79-AC26-3E17D2D10AB3}.Debug|Any CPU.Build.0 = Debug|Any CPU
		{58596C61-1529-4B79-AC26-3E17D2D10AB3}.Release|Any CPU.ActiveCfg = Release|Any CPU
		{58596C61-1529-4B79-AC26-3E17D2D10AB3}.Release|Any CPU.Build.0 = Release|Any CPU
		{F6E29EA8-0CBD-459B-A632-A0BE42B5E8A3}.Debug|Any CPU.ActiveCfg = Debug|Any CPU
		{F6E29EA8-0CBD-459B-A632-A0BE42B5E8A3}.Debug|Any CPU.Build.0 = Debug|Any CPU
		{F6E29EA8-0CBD-459B-A632-A0BE42B5E8A3}.Release|Any CPU.ActiveCfg = Release|Any CPU
		{F6E29EA8-0CBD-459B-A632-A0BE42B5E8A3}.Release|Any CPU.Build.0 = Release|Any CPU
	EndGlobalSection
	GlobalSection(SolutionProperties) = preSolution
		HideSolutionNode = FALSE
	EndGlobalSection
	GlobalSection(ExtensibilityGlobals) = postSolution
		SolutionGuid = {C4AF9832-82F1-4643-B78E-686AF6040978}
	EndGlobalSection
EndGlobal
